#MicroXplorer Configuration settings - do not modify
Mcu.Family=STM32F4
PA6.GPIOParameters=GPIO_Label
ProjectManager.MainLocation=Core/Src
ProjectManager.ProjectFileName=ledSequence.ioc
RCC.CortexFreq_Value=16000000
ProjectManager.KeepUserCode=true
Mcu.UserName=STM32F411RETx
Mcu.PinsNb=10
ProjectManager.NoMain=false
RCC.PLLCLKFreq_Value=96000000
PA9.GPIO_Label=LED_GREEN
RCC.PLLQCLKFreq_Value=48000000
ProjectManager.functionlistsort=1-MX_GPIO_Init-GPIO-false-HAL-true,2-SystemClock_Config-RCC-false-HAL-false
PA9.GPIOParameters=GPIO_Label
RCC.RTCFreq_Value=32000
ProjectManager.DefaultFWLocation=true
PA6.GPIO_Label=LED_RED
ProjectManager.DeletePrevious=true
PinOutPanel.RotationAngle=0
RCC.FamilyName=M
ProjectManager.StackSize=0x400
PB5.GPIOParameters=GPIO_Label
PA13.Signal=SYS_JTMS-SWDIO
Mcu.IP2=SYS
NVIC.SVCall_IRQn=true\:0\:0\:false\:false\:true\:false\:false
Mcu.IP0=NVIC
Mcu.IP1=RCC
PA8.GPIO_Label=LED_BLUE
Mcu.UserConstants=
ProjectManager.TargetToolchain=STM32CubeIDE
Mcu.ThirdPartyNb=0
Mcu.IPNb=3
RCC.I2SClocksFreq_Value=96000000
ProjectManager.PreviousToolchain=
PA9.Signal=GPIO_Output
RCC.VcooutputI2S=96000000
PC7.Signal=GPIO_Output
PB5.Locked=true
PA8.GPIOParameters=GPIO_Label
RCC.VCOInputMFreq_Value=1000000
Mcu.Pin6=PA14
Mcu.Pin7=PB3
ProjectManager.RegisterCallBack=
Mcu.Pin8=PB5
Mcu.Pin9=VP_SYS_VS_Systick
RCC.LSE_VALUE=32768
RCC.AHBFreq_Value=16000000
Mcu.Pin0=PA6
Mcu.Pin1=PA7
Mcu.Pin2=PC7
Mcu.Pin3=PA8
Mcu.Pin4=PA9
RCC.VCOI2SOutputFreq_Value=192000000
Mcu.Pin5=PA13
ProjectManager.ProjectBuild=false
RCC.HSE_VALUE=25000000
NVIC.UsageFault_IRQn=true\:0\:0\:false\:false\:true\:false\:false
NVIC.DebugMonitor_IRQn=true\:0\:0\:false\:false\:true\:false\:false
PA8.Locked=true
board=custom
RCC.VCOOutputFreq_Value=192000000
NVIC.SysTick_IRQn=true\:0\:0\:false\:false\:true\:false\:true
ProjectManager.LastFirmware=true
ProjectManager.FirmwarePackage=STM32Cube FW_F4 V1.26.1
MxDb.Version=DB.6.0.21
RCC.APB2Freq_Value=16000000
ProjectManager.BackupPrevious=true
MxCube.Version=6.2.1
RCC.VCOInputFreq_Value=1000000
PA14.Mode=Serial_Wire
File.Version=6
VP_SYS_VS_Systick.Mode=SysTick
PB3.GPIOParameters=GPIO_Label
NVIC.NonMaskableInt_IRQn=true\:0\:0\:false\:false\:true\:false\:false
PA8.Signal=GPIO_Output
NVIC.PendSV_IRQn=true\:0\:0\:false\:false\:true\:false\:false
PA13.Mode=Serial_Wire
ProjectManager.FreePins=false
RCC.IPParameters=AHBFreq_Value,APB1Freq_Value,APB2Freq_Value,CortexFreq_Value,FamilyName,HSE_VALUE,HSI_VALUE,I2SClocksFreq_Value,LSE_VALUE,LSI_VALUE,PLLCLKFreq_Value,PLLQCLKFreq_Value,RTCFreq_Value,RTCHSEDivFreq_Value,SYSCLKFreq_VALUE,VCOI2SOutputFreq_Value,VCOInputFreq_Value,VCOInputMFreq_Value,VCOOutputFreq_Value,VcooutputI2S
ProjectManager.AskForMigrate=true
Mcu.Name=STM32F411R(C-E)Tx
ProjectManager.HalAssertFull=false
RCC.RTCHSEDivFreq_Value=12500000
ProjectManager.ProjectName=ledSequence
ProjectManager.UnderRoot=true
ProjectManager.CoupleFile=true
PB3.Signal=GPIO_Input
RCC.SYSCLKFreq_VALUE=16000000
Mcu.Package=LQFP64
PB5.Signal=GPIO_Input
PA6.Signal=GPIO_Output
PA7.GPIO_Label=LED_YELLOW
PA7.Locked=true
NVIC.ForceEnableDMAVector=true
KeepUserPlacement=false
NVIC.MemoryManagement_IRQn=true\:0\:0\:false\:false\:true\:false\:false
ProjectManager.CompilerOptimize=6
ProjectManager.ToolChainLocation=
RCC.LSI_VALUE=32000
VP_SYS_VS_Systick.Signal=SYS_VS_Systick
PA14.Signal=SYS_JTCK-SWCLK
ProjectManager.HeapSize=0x200
NVIC.HardFault_IRQn=true\:0\:0\:false\:false\:true\:false\:false
ProjectManager.ComputerToolchain=false
RCC.HSI_VALUE=16000000
NVIC.PriorityGroup=NVIC_PRIORITYGROUP_4
PB5.GPIO_Label=KEY1
NVIC.BusFault_IRQn=true\:0\:0\:false\:false\:true\:false\:false
RCC.APB1Freq_Value=16000000
PA7.GPIOParameters=GPIO_Label
ProjectManager.CustomerFirmwarePackage=
ProjectManager.DeviceId=STM32F411RETx
ProjectManager.LibraryCopy=1
PB3.Locked=true
PA7.Signal=GPIO_Output
PB3.GPIO_Label=KEY2
PA6.Locked=true
isbadioc=false
